
Microsoft Visual Studio Solution File, Format Version 12.00
# Visual Studio Version 16
VisualStudioVersion = 16.0.31702.278
MinimumVisualStudioVersion = 10.0.40219.1
Project("{8BC9CEB8-8B4A-11D0-8D11-00A0C91BC942}") = "Lesson 38", "Lesson 38\Lesson 38.vcxproj", "{5BA3DC98-2157-4073-A447-FD290307527B}"
EndProject
Global
	GlobalSection(SolutionConfigurationPlatforms) = preSolution
		Debug|x64 = Debug|x64
		Debug|x86 = Debug|x86
		Release|x64 = Release|x64
		Release|x86 = Release|x86
	EndGlobalSection
	GlobalSection(ProjectConfigurationPlatforms) = postSolution
		{5BA3DC98-2157-4073-A447-FD290307527B}.Debug|x64.ActiveCfg = Debug|x64
		{5BA3DC98-2157-4073-A447-FD290307527B}.Debug|x64.Build.0 = Debug|x64
		{5BA3DC98-2157-4073-A447-FD290307527B}.Debug|x86.ActiveCfg = Debug|Win32
		{5BA3DC98-2157-4073-A447-FD290307527B}.Debug|x86.Build.0 = Debug|Win32
		{5BA3DC98-2157-4073-A447-FD290307527B}.Release|x64.ActiveCfg = Release|x64
		{5BA3DC98-2157-4073-A447-FD290307527B}.Release|x64.Build.0 = Release|x64
		{5BA3DC98-2157-4073-A447-FD290307527B}.Release|x86.ActiveCfg = Release|Win32
		{5BA3DC98-2157-4073-A447-FD290307527B}.Release|x86.Build.0 = Release|Win32
	EndGlobalSection
	GlobalSection(SolutionProperties) = preSolution
		HideSolutionNode = FALSE
	EndGlobalSection
	GlobalSection(ExtensibilityGlobals) = postSolution
		SolutionGuid = {F0648771-6929-4855-80AE-3D07C7FB4AB1}
	EndGlobalSection
EndGlobal
